
Microsoft Visual Studio Solution File, Format Version 12.00
# Visual Studio Version 16
VisualStudioVersion = 16.0.30621.155
MinimumVisualStudioVersion = 10.0.40219.1
Project("{9A19103F-16F7-4668-BE54-9A1E7A4F7556}") = "RPTApi", "RPTApiTelegramm\RPTApi.csproj", "{2B48DD08-8479-4714-B97F-96C34DBBDC50}"
EndProject
Project("{FAE04EC0-301F-11D3-BF4B-00C04F79EFBC}") = "DataBase Tests", "DataBase Tests\DataBase Tests.csproj", "{B1C82C7F-95A5-4E46-9519-9E6FED253629}"
EndProject
Global
	GlobalSection(SolutionConfigurationPlatforms) = preSolution
		Debug|Any CPU = Debug|Any CPU
		Release|Any CPU = Release|Any CPU
	EndGlobalSection
	GlobalSection(ProjectConfigurationPlatforms) = postSolution
		{2B48DD08-8479-4714-B97F-96C34DBBDC50}.Debug|Any CPU.ActiveCfg = Debug|Any CPU
		{2B48DD08-8479-4714-B97F-96C34DBBDC50}.Debug|Any CPU.Build.0 = Debug|Any CPU
		{2B48DD08-8479-4714-B97F-96C34DBBDC50}.Release|Any CPU.ActiveCfg = Release|Any CPU
		{2B48DD08-8479-4714-B97F-96C34DBBDC50}.Release|Any CPU.Build.0 = Release|Any CPU
		{B1C82C7F-95A5-4E46-9519-9E6FED253629}.Debug|Any CPU.ActiveCfg = Debug|Any CPU
		{B1C82C7F-95A5-4E46-9519-9E6FED253629}.Debug|Any CPU.Build.0 = Debug|Any CPU
		{B1C82C7F-95A5-4E46-9519-9E6FED253629}.Release|Any CPU.ActiveCfg = Release|Any CPU
		{B1C82C7F-95A5-4E46-9519-9E6FED253629}.Release|Any CPU.Build.0 = Release|Any CPU
	EndGlobalSection
	GlobalSection(SolutionProperties) = preSolution
		HideSolutionNode = FALSE
	EndGlobalSection
	GlobalSection(ExtensibilityGlobals) = postSolution
		SolutionGuid = {EEE77A82-5D5C-4CA8-92A5-F20812455A93}
	EndGlobalSection
EndGlobal
