
Microsoft Visual Studio Solution File, Format Version 12.00
# Visual Studio Version 16
VisualStudioVersion = 16.0.30621.155
MinimumVisualStudioVersion = 10.0.40219.1
Project("{9A19103F-16F7-4668-BE54-9A1E7A4F7556}") = "RPTApiTelegram", "RPTApiTelegrammWrapper\RPTApiTelegram.csproj", "{2B48DD08-8479-4714-B97F-96C34DBBDC50}"
EndProject
Project("{2150E333-8FDC-42A3-9474-1A3956D46DE8}") = "Solution Items", "Solution Items", "{E963F63B-C900-4D41-A90B-083CFA7336CE}"
	ProjectSection(SolutionItems) = preProject
		README.md = README.md
	EndProjectSection
EndProject
Global
	GlobalSection(SolutionConfigurationPlatforms) = preSolution
		Debug|Any CPU = Debug|Any CPU
		Release|Any CPU = Release|Any CPU
	EndGlobalSection
	GlobalSection(ProjectConfigurationPlatforms) = postSolution
		{2B48DD08-8479-4714-B97F-96C34DBBDC50}.Debug|Any CPU.ActiveCfg = Debug|Any CPU
		{2B48DD08-8479-4714-B97F-96C34DBBDC50}.Debug|Any CPU.Build.0 = Debug|Any CPU
		{2B48DD08-8479-4714-B97F-96C34DBBDC50}.Release|Any CPU.ActiveCfg = Release|Any CPU
		{2B48DD08-8479-4714-B97F-96C34DBBDC50}.Release|Any CPU.Build.0 = Release|Any CPU
	EndGlobalSection
	GlobalSection(SolutionProperties) = preSolution
		HideSolutionNode = FALSE
	EndGlobalSection
	GlobalSection(ExtensibilityGlobals) = postSolution
		SolutionGuid = {EEE77A82-5D5C-4CA8-92A5-F20812455A93}
	EndGlobalSection
EndGlobal
